// !$*UTF8*$!
{
	archiveVersion = 1;
	classes = {
	};
	objectVersion = 46;
	objects = {

/* Begin PBXBuildFile section */
		9DCB183B1E8285F800571D9B /* main.swift in Sources */ = {isa = PBXBuildFile; fileRef = 9DCB183A1E8285F800571D9B /* main.swift */; };
		9DCB18441E82864300571D9B /* Wiki.swift in Sources */ = {isa = PBXBuildFile; fileRef = 9DCB18431E82864300571D9B /* Wiki.swift */; };
		9DCB18461E82897400571D9B /* SwiftyJSON.swift in Sources */ = {isa = PBXBuildFile; fileRef = 9DCB18451E82897400571D9B /* SwiftyJSON.swift */; };
/* End PBXBuildFile section */

/* Begin PBXCopyFilesBuildPhase section */
		9DCB18351E8285F800571D9B /* CopyFiles */ = {
			isa = PBXCopyFilesBuildPhase;
			buildActionMask = 2147483647;
			dstPath = /usr/share/man/man1/;
			dstSubfolderSpec = 0;
			files = (
			);
			runOnlyForDeploymentPostprocessing = 1;
		};
/* End PBXCopyFilesBuildPhase section */

/* Begin PBXFileReference section */
		9DCB18371E8285F800571D9B /* cwiki */ = {isa = PBXFileReference; explicitFileType = "compiled.mach-o.executable"; includeInIndex = 0; path = cwiki; sourceTree = BUILT_PRODUCTS_DIR; };
		9DCB183A1E8285F800571D9B /* main.swift */ = {isa = PBXFileReference; lastKnownFileType = sourcecode.swift; path = main.swift; sourceTree = "<group>"; };
		9DCB18431E82864300571D9B /* Wiki.swift */ = {isa = PBXFileReference; fileEncoding = 4; lastKnownFileType = sourcecode.swift; name = Wiki.swift; path = ../Wiki.swift; sourceTree = "<group>"; };
		9DCB18451E82897400571D9B /* SwiftyJSON.swift */ = {isa = PBXFileReference; fileEncoding = 4; lastKnownFileType = sourcecode.swift; path = SwiftyJSON.swift; sourceTree = "<group>"; };
/* End PBXFileReference section */

/* Begin PBXFrameworksBuildPhase section */
		9DCB18341E8285F800571D9B /* Frameworks */ = {
			isa = PBXFrameworksBuildPhase;
			buildActionMask = 2147483647;
			files = (
			);
			runOnlyForDeploymentPostprocessing = 0;
		};
/* End PBXFrameworksBuildPhase section */

/* Begin PBXGroup section */
		9DCB182E1E8285F800571D9B = {
			isa = PBXGroup;
			children = (
				9DCB18391E8285F800571D9B /* Command Wiki */,
				9DCB18381E8285F800571D9B /* Products */,
			);
			sourceTree = "<group>";
		};
		9DCB18381E8285F800571D9B /* Products */ = {
			isa = PBXGroup;
			children = (
				9DCB18371E8285F800571D9B /* cwiki */,
			);
			name = Products;
			sourceTree = "<group>";
		};
		9DCB18391E8285F800571D9B /* Command Wiki */ = {
			isa = PBXGroup;
			children = (
				9DCB183A1E8285F800571D9B /* main.swift */,
				9DCB18431E82864300571D9B /* Wiki.swift */,
				9DCB18451E82897400571D9B /* SwiftyJSON.swift */,
			);
			path = "Command Wiki";
			sourceTree = "<group>";
		};
/* End PBXGroup section */

/* Begin PBXNativeTarget section */
		9DCB18361E8285F800571D9B /* cwiki */ = {
			isa = PBXNativeTarget;
			buildConfigurationList = 9DCB183E1E8285F800571D9B /* Build configuration list for PBXNativeTarget "cwiki" */;
			buildPhases = (
				9DCB18331E8285F800571D9B /* Sources */,
				9DCB18341E8285F800571D9B /* Frameworks */,
				9DCB18351E8285F800571D9B /* CopyFiles */,
			);
			buildRules = (
			);
			dependencies = (
			);
			name = cwiki;
			productName = "Command Wiki";
			productReference = 9DCB18371E8285F800571D9B /* cwiki */;
			productType = "com.apple.product-type.tool";
		};
/* End PBXNativeTarget section */

/* Begin PBXProject section */
		9DCB182F1E8285F800571D9B /* Project object */ = {
			isa = PBXProject;
			attributes = {
				LastSwiftUpdateCheck = 0820;
				LastUpgradeCheck = 0820;
				ORGANIZATIONNAME = "Christopher Hannah";
				TargetAttributes = {
					9DCB18361E8285F800571D9B = {
						CreatedOnToolsVersion = 8.2.1;
						DevelopmentTeam = 35H8Q2N6J9;
						ProvisioningStyle = Automatic;
					};
				};
			};
			buildConfigurationList = 9DCB18321E8285F800571D9B /* Build configuration list for PBXProject "cwiki" */;
			compatibilityVersion = "Xcode 3.2";
			developmentRegion = English;
			hasScannedForEncodings = 0;
			knownRegions = (
				en,
			);
			mainGroup = 9DCB182E1E8285F800571D9B;
			productRefGroup = 9DCB18381E8285F800571D9B /* Products */;
			projectDirPath = "";
			projectRoot = "";
			targets = (
				9DCB18361E8285F800571D9B /* cwiki */,
			);
		};
/* End PBXProject section */

/* Begin PBXSourcesBuildPhase section */
		9DCB18331E8285F800571D9B /* Sources */ = {
			isa = PBXSourcesBuildPhase;
			buildActionMask = 2147483647;
			files = (
				9DCB183B1E8285F800571D9B /* main.swift in Sources */,
				9DCB18441E82864300571D9B /* Wiki.swift in Sources */,
				9DCB18461E82897400571D9B /* SwiftyJSON.swift in Sources */,
			);
			runOnlyForDeploymentPostprocessing = 0;
		};
/* End PBXSourcesBuildPhase section */

/* Begin XCBuildConfiguration section */
		9DCB183C1E8285F800571D9B /* Debug */ = {
			isa = XCBuildConfiguration;
			buildSettings = {
				ALWAYS_SEARCH_USER_PATHS = NO;
				CLANG_ANALYZER_NONNULL = YES;
				CLANG_CXX_LANGUAGE_STANDARD = "gnu++0x";
				CLANG_CXX_LIBRARY = "libc++";
				CLANG_ENABLE_MODULES = YES;
				CLANG_ENABLE_OBJC_ARC = YES;
				CLANG_WARN_BOOL_CONVERSION = YES;
				CLANG_WARN_CONSTANT_CONVERSION = YES;
				CLANG_WARN_DIRECT_OBJC_ISA_USAGE = YES_ERROR;
				CLANG_WARN_DOCUMENTATION_COMMENTS = YES;
				CLANG_WARN_EMPTY_BODY = YES;
				CLANG_WARN_ENUM_CONVERSION = YES;
				CLANG_WARN_INFINITE_RECURSION = YES;
				CLANG_WARN_INT_CONVERSION = YES;
				CLANG_WARN_OBJC_ROOT_CLASS = YES_ERROR;
				CLANG_WARN_SUSPICIOUS_MOVE = YES;
				CLANG_WARN_UNREACHABLE_CODE = YES;
				CLANG_WARN__DUPLICATE_METHOD_MATCH = YES;
				CODE_SIGN_IDENTITY = "-";
				COPY_PHASE_STRIP = NO;
				DEBUG_INFORMATION_FORMAT = dwarf;
				ENABLE_STRICT_OBJC_MSGSEND = YES;
				ENABLE_TESTABILITY = YES;
				GCC_C_LANGUAGE_STANDARD = gnu99;
				GCC_DYNAMIC_NO_PIC = NO;
				GCC_NO_COMMON_BLOCKS = YES;
				GCC_OPTIMIZATION_LEVEL = 0;
				GCC_PREPROCESSOR_DEFINITIONS = (
					"DEBUG=1",
					"$(inherited)",
				);
				GCC_WARN_64_TO_32_BIT_CONVERSION = YES;
				GCC_WARN_ABOUT_RETURN_TYPE = YES_ERROR;
				GCC_WARN_UNDECLARED_SELECTOR = YES;
				GCC_WARN_UNINITIALIZED_AUTOS = YES_AGGRESSIVE;
				GCC_WARN_UNUSED_FUNCTION = YES;
				GCC_WARN_UNUSED_VARIABLE = YES;
				MACOSX_DEPLOYMENT_TARGET = 10.12;
				MTL_ENABLE_DEBUG_INFO = YES;
				ONLY_ACTIVE_ARCH = YES;
				SDKROOT = macosx;
				SWIFT_OPTIMIZATION_LEVEL = "-Onone";
			};
			name = Debug;
		};
		9DCB183D1E8285F800571D9B /* Release */ = {
			isa = XCBuildConfiguration;
			buildSettings = {
				ALWAYS_SEARCH_USER_PATHS = NO;
				CLANG_ANALYZER_NONNULL = YES;
				CLANG_CXX_LANGUAGE_STANDARD = "gnu++0x";
				CLANG_CXX_LIBRARY = "libc++";
				CLANG_ENABLE_MODULES = YES;
				CLANG_ENABLE_OBJC_ARC = YES;
				CLANG_WARN_BOOL_CONVERSION = YES;
				CLANG_WARN_CONSTANT_CONVERSION = YES;
				CLANG_WARN_DIRECT_OBJC_ISA_USAGE = YES_ERROR;
				CLANG_WARN_DOCUMENTATION_COMMENTS = YES;
				CLANG_WARN_EMPTY_BODY = YES;
				CLANG_WARN_ENUM_CONVERSION = YES;
				CLANG_WARN_INFINITE_RECURSION = YES;
				CLANG_WARN_INT_CONVERSION = YES;
				CLANG_WARN_OBJC_ROOT_CLASS = YES_ERROR;
				CLANG_WARN_SUSPICIOUS_MOVE = YES;
				CLANG_WARN_UNREACHABLE_CODE = YES;
				CLANG_WARN__DUPLICATE_METHOD_MATCH = YES;
				CODE_SIGN_IDENTITY = "-";
				COPY_PHASE_STRIP = NO;
				DEBUG_INFORMATION_FORMAT = "dwarf-with-dsym";
				ENABLE_NS_ASSERTIONS = NO;
				ENABLE_STRICT_OBJC_MSGSEND = YES;
				GCC_C_LANGUAGE_STANDARD = gnu99;
				GCC_NO_COMMON_BLOCKS = YES;
				GCC_WARN_64_TO_32_BIT_CONVERSION = YES;
				GCC_WARN_ABOUT_RETURN_TYPE = YES_ERROR;
				GCC_WARN_UNDECLARED_SELECTOR = YES;
				GCC_WARN_UNINITIALIZED_AUTOS = YES_AGGRESSIVE;
				GCC_WARN_UNUSED_FUNCTION = YES;
				GCC_WARN_UNUSED_VARIABLE = YES;
				MACOSX_DEPLOYMENT_TARGET = 10.12;
				MTL_ENABLE_DEBUG_INFO = NO;
				SDKROOT = macosx;
			};
			name = Release;
		};
		9DCB183F1E8285F800571D9B /* Debug */ = {
			isa = XCBuildConfiguration;
			buildSettings = {
				DEVELOPMENT_TEAM = 35H8Q2N6J9;
				PRODUCT_NAME = "$(TARGET_NAME)";
				SWIFT_VERSION = 3.0;
			};
			name = Debug;
		};
		9DCB18401E8285F800571D9B /* Release */ = {
			isa = XCBuildConfiguration;
			buildSettings = {
				DEVELOPMENT_TEAM = 35H8Q2N6J9;
				PRODUCT_NAME = "$(TARGET_NAME)";
				SWIFT_VERSION = 3.0;
			};
			name = Release;
		};
/* End XCBuildConfiguration section */

/* Begin XCConfigurationList section */
		9DCB18321E8285F800571D9B /* Build configuration list for PBXProject "cwiki" */ = {
			isa = XCConfigurationList;
			buildConfigurations = (
				9DCB183C1E8285F800571D9B /* Debug */,
				9DCB183D1E8285F800571D9B /* Release */,
			);
			defaultConfigurationIsVisible = 0;
			defaultConfigurationName = Release;
		};
		9DCB183E1E8285F800571D9B /* Build configuration list for PBXNativeTarget "cwiki" */ = {
			isa = XCConfigurationList;
			buildConfigurations = (
				9DCB183F1E8285F800571D9B /* Debug */,
				9DCB18401E8285F800571D9B /* Release */,
			);
			defaultConfigurationIsVisible = 0;
		};
/* End XCConfigurationList section */
	};
	rootObject = 9DCB182F1E8285F800571D9B /* Project object */;
}
